
Microsoft Visual Studio Solution File, Format Version 12.00
# Visual Studio Version 16
VisualStudioVersion = 16.0.30717.126
MinimumVisualStudioVersion = 10.0.40219.1
Project("{FAE04EC0-301F-11D3-BF4B-00C04F79EFBC}") = "Challenge1", "Challenge1.csproj", "{CBAF2AD0-B00F-4F8F-9FFE-79C5F5446592}"
EndProject
Global
	GlobalSection(SolutionConfigurationPlatforms) = preSolution
		Debug|Any CPU = Debug|Any CPU
		Release|Any CPU = Release|Any CPU
	EndGlobalSection
	GlobalSection(ProjectConfigurationPlatforms) = postSolution
		{CBAF2AD0-B00F-4F8F-9FFE-79C5F5446592}.Debug|Any CPU.ActiveCfg = Debug|Any CPU
		{CBAF2AD0-B00F-4F8F-9FFE-79C5F5446592}.Debug|Any CPU.Build.0 = Debug|Any CPU
		{CBAF2AD0-B00F-4F8F-9FFE-79C5F5446592}.Release|Any CPU.ActiveCfg = Release|Any CPU
		{CBAF2AD0-B00F-4F8F-9FFE-79C5F5446592}.Release|Any CPU.Build.0 = Release|Any CPU
	EndGlobalSection
	GlobalSection(SolutionProperties) = preSolution
		HideSolutionNode = FALSE
	EndGlobalSection
	GlobalSection(ExtensibilityGlobals) = postSolution
		SolutionGuid = {F82262A1-FE03-4673-B985-0A004A51B171}
	EndGlobalSection
EndGlobal
